
Microsoft Visual Studio Solution File, Format Version 12.00
# Visual Studio Version 16
VisualStudioVersion = 16.0.30204.135
MinimumVisualStudioVersion = 10.0.40219.1
Project("{FAE04EC0-301F-11D3-BF4B-00C04F79EFBC}") = "DoAn01", "DoAn01\DoAn01.csproj", "{D78F2322-1837-431F-9507-E8EDFE04AFAA}"
EndProject
Global
	GlobalSection(SolutionConfigurationPlatforms) = preSolution
		Debug|Any CPU = Debug|Any CPU
		Release|Any CPU = Release|Any CPU
	EndGlobalSection
	GlobalSection(ProjectConfigurationPlatforms) = postSolution
		{D78F2322-1837-431F-9507-E8EDFE04AFAA}.Debug|Any CPU.ActiveCfg = Debug|Any CPU
		{D78F2322-1837-431F-9507-E8EDFE04AFAA}.Debug|Any CPU.Build.0 = Debug|Any CPU
		{D78F2322-1837-431F-9507-E8EDFE04AFAA}.Release|Any CPU.ActiveCfg = Release|Any CPU
		{D78F2322-1837-431F-9507-E8EDFE04AFAA}.Release|Any CPU.Build.0 = Release|Any CPU
	EndGlobalSection
	GlobalSection(SolutionProperties) = preSolution
		HideSolutionNode = FALSE
	EndGlobalSection
	GlobalSection(ExtensibilityGlobals) = postSolution
		SolutionGuid = {EB21CC99-7F97-4027-8D04-9C2D58BF3058}
	EndGlobalSection
EndGlobal
